# THIS IS AN AUTOGENERATED FILE. DO NOT EDIT THIS FILE DIRECTLY.
# yarn lockfile v1


"@cspotcode/source-map-support@^0.8.0":
  version "0.8.1"
  resolved "https://registry.yarnpkg.com/@cspotcode/source-map-support/-/source-map-support-0.8.1.tgz#00629c35a688e05a88b1cda684fb9d5e73f000a1"
  integrity sha512-IchNf6dN4tHoMFIn/7OE8LWZ19Y6q/67Bmf6vnGREv8RSbBVb9LPJxEcnwrcwX6ixSvaiGoomAUvu4YSxXrVgw==
  dependencies:
    "@jridgewell/trace-mapping" "0.3.9"

"@jridgewell/resolve-uri@^3.0.3":
  version "3.1.2"
  resolved "https://registry.yarnpkg.com/@jridgewell/resolve-uri/-/resolve-uri-3.1.2.tgz#7a0ee601f60f99a20c7c7c5ff0c80388c1189bd6"
  integrity sha512-bRISgCIjP20/tbWSPWMEi54QVPRZExkuD9lJL+UIxUKtwVJA8wW1Trb1jMs1RFXo1CBTNZ/5hpC9QvmKWdopKw==

"@jridgewell/sourcemap-codec@^1.4.10":
  version "1.5.0"
  resolved "https://registry.yarnpkg.com/@jridgewell/sourcemap-codec/-/sourcemap-codec-1.5.0.tgz#3188bcb273a414b0d215fd22a58540b989b9409a"
  integrity sha512-gv3ZRaISU3fjPAgNsriBRqGWQL6quFx04YMPW/zD8XMLsU32mhCCbfbO6KZFLjvYpCZ8zyDEgqsgf+PwPaM7GQ==

"@jridgewell/trace-mapping@0.3.9":
  version "0.3.9"
  resolved "https://registry.yarnpkg.com/@jridgewell/trace-mapping/-/trace-mapping-0.3.9.tgz#6534fd5933a53ba7cbf3a17615e273a0d1273ff9"
  integrity sha512-3Belt6tdc8bPgAtbcmdtNJlirVoTmEb5e2gC94PnkwEW9jI6CAHUeoG85tjWP5WquqfavoMtMwiG4P926ZKKuQ==
  dependencies:
    "@jridgewell/resolve-uri" "^3.0.3"
    "@jridgewell/sourcemap-codec" "^1.4.10"

"@orca-so/whirlpools-client@0.2.0":
  version "0.2.0"
  resolved "https://registry.yarnpkg.com/@orca-so/whirlpools-client/-/whirlpools-client-0.2.0.tgz#f8a6596a739a66652ffdc6c6fb0e6922a31136c4"
  integrity sha512-9Ic9YNtfztQR5uTBE5mHlomHipydlfmjXYFADYIPHAfAtEaAenViJ9eNfuRkuOYMR+VBz+9RkBaJbpFzbQfPHQ==

"@orca-so/whirlpools-core@0.2.0":
  version "0.2.0"
  resolved "https://registry.yarnpkg.com/@orca-so/whirlpools-core/-/whirlpools-core-0.2.0.tgz#5e57efec88c3bf8219f08a8f4b5d125a7d7e301e"
  integrity sha512-B9R/b/sK9Bf3LmMNAUOQiQw07z8uO9yU95OdWZWhW1eQnnl/Rh6fOZwqlq0nWL0favrkFX4Hg1zKq1292df6ZQ==

"@orca-so/whirlpools@^0.2.0":
  version "0.2.0"
  resolved "https://registry.yarnpkg.com/@orca-so/whirlpools/-/whirlpools-0.2.0.tgz#20693be5684fef529eed03ae270315ab8cc0792a"
  integrity sha512-ZaxUxlqIjg/xE/KQqlrYR5OT+R17KejdXvbbPGOy4GODwiDdoK/K1Lfwa1L1Ne9VQPDDqn9shy7UIRPmq0myQw==
  dependencies:
    "@orca-so/whirlpools-client" "0.2.0"
    "@orca-so/whirlpools-core" "0.2.0"
    "@solana-program/memo" "^0.5.4"
    "@solana-program/system" "^0.6.0"
    "@solana-program/token" "^0.3.3"
    "@solana-program/token-2022" "^0.2.1"

"@solana-program/memo@^0.5.4":
  version "0.5.4"
  resolved "https://registry.yarnpkg.com/@solana-program/memo/-/memo-0.5.4.tgz#07cb7c5d6312a4478783ce8248d0fe4b3b7c7637"
  integrity sha512-GjK2MQLYxFRSwgJFTgDcSe39WUx4lkUNmlc9mRySzD6CtWZLGz3ypjDxy/0PeX3w1CzK/rz6FpYamZbMrcbRdg==

"@solana-program/system@^0.6.0":
  version "0.6.1"
  resolved "https://registry.yarnpkg.com/@solana-program/system/-/system-0.6.1.tgz#efc99dcfa14fbf1efe754f485fd70bf5bb16b0bf"
  integrity sha512-vfBzveKp13gUL4M8p7wIFamPTT0aPJycUat6GcJGJRopfDX/pB8DHIURKiqFw3UGt7PJ6+koM2uWyESAifjZvA==

"@solana-program/token-2022@^0.2.1":
  version "0.2.1"
  resolved "https://registry.yarnpkg.com/@solana-program/token-2022/-/token-2022-0.2.1.tgz#ac1ebb523beafc83a3df8cad0ee99afe4bcd1a26"
  integrity sha512-85oMeLktzlIUr4f18oMIdR16c42x0HhYXoJEhmGKGtXqFIddeKDD2ZLkwD93NGYLWVZLeMaExYLq8l2R66sJ8w==

"@solana-program/token@^0.3.3":
  version "0.3.3"
  resolved "https://registry.yarnpkg.com/@solana-program/token/-/token-0.3.3.tgz#47bae070242b9d50c6d75c32f8fc43e7e1af87cb"
  integrity sha512-JoWlrxAJ81Ob5KIx3cAtAyhH/C+2msuz5FzzA/vfpOCjr1JCxg4VcmOmXpVmKUv6/TZu711TBZoWZhej2uL9RQ==

"@solana/accounts@2.0.0-rc.4":
  version "2.0.0-rc.4"
  resolved "https://registry.yarnpkg.com/@solana/accounts/-/accounts-2.0.0-rc.4.tgz#f6529f291e92cc95eafb5b549e79ea8997088902"
  integrity sha512-LRznpCi1v/c+Gfp7/6t/kWDzTRZAPmzyr1Id3uRFsjOqGgeHYtdsK7Jw+9KMmO+PUrHqdRIFISZNMty/T17h4g==
  dependencies:
    "@solana/addresses" "2.0.0-rc.4"
    "@solana/codecs-core" "2.0.0-rc.4"
    "@solana/codecs-strings" "2.0.0-rc.4"
    "@solana/errors" "2.0.0-rc.4"
    "@solana/rpc-spec" "2.0.0-rc.4"
    "@solana/rpc-types" "2.0.0-rc.4"

"@solana/addresses@2.0.0-rc.4":
  version "2.0.0-rc.4"
  resolved "https://registry.yarnpkg.com/@solana/addresses/-/addresses-2.0.0-rc.4.tgz#13ca6dce9bf131d4990ea72f66624b041ac15166"
  integrity sha512-AR9g6pZMqCZeH/dShmaqyTQRCgWtZpYPQZYMazA6I5EsrKq1A40Cfxqgb/iMNl/g3vfVunT25UASH3YwBQyL/A==
  dependencies:
    "@solana/assertions" "2.0.0-rc.4"
    "@solana/codecs-core" "2.0.0-rc.4"
    "@solana/codecs-strings" "2.0.0-rc.4"
    "@solana/errors" "2.0.0-rc.4"

"@solana/assertions@2.0.0-rc.4":
  version "2.0.0-rc.4"
  resolved "https://registry.yarnpkg.com/@solana/assertions/-/assertions-2.0.0-rc.4.tgz#0c6e921aa9b560c269a76a4a00bf15dbdbc1c0f8"
  integrity sha512-CkTwoysagNAOjWynNzvrS5842/uDhEBjRbmgYRFurbWNLjo62j3eTYJKgTcMml7nc564Y4gObC5lUwWShGMZ/A==
  dependencies:
    "@solana/errors" "2.0.0-rc.4"

"@solana/codecs-core@2.0.0-rc.4":
  version "2.0.0-rc.4"
  resolved "https://registry.yarnpkg.com/@solana/codecs-core/-/codecs-core-2.0.0-rc.4.tgz#c4280d68877a078df4b430871db159f95534fcd3"
  integrity sha512-JIrTSps032mSE3wBxW3bXOqWfoy4CMy1CX/XeVCijyh5kLVxZTSDIdRTYdePdL1yzaOZF1Xysvt1DhOUgBdM+A==
  dependencies:
    "@solana/errors" "2.0.0-rc.4"

"@solana/codecs-data-structures@2.0.0-rc.4":
  version "2.0.0-rc.4"
  resolved "https://registry.yarnpkg.com/@solana/codecs-data-structures/-/codecs-data-structures-2.0.0-rc.4.tgz#0a435341901d72c48ef56b6e7ed335c71e4e323c"
  integrity sha512-smF4Z4WCbr3ppoZhhT7/e5XMG6VFSHFPDLsayt4aHUvP1clZAew5uOy0qLY0qdxbttSmfoxXqf2SUFpJw8Jadg==
  dependencies:
    "@solana/codecs-core" "2.0.0-rc.4"
    "@solana/codecs-numbers" "2.0.0-rc.4"
    "@solana/errors" "2.0.0-rc.4"

"@solana/codecs-numbers@2.0.0-rc.4":
  version "2.0.0-rc.4"
  resolved "https://registry.yarnpkg.com/@solana/codecs-numbers/-/codecs-numbers-2.0.0-rc.4.tgz#ad95848d64dbaab4f6f0935d042df00802c84bba"
  integrity sha512-ZJR7TaUO65+3Hzo3YOOUCS0wlzh17IW+j0MZC2LCk1R0woaypRpHKj4iSMYeQOZkMxsd9QT3WNvjFrPC2qA6Sw==
  dependencies:
    "@solana/codecs-core" "2.0.0-rc.4"
    "@solana/errors" "2.0.0-rc.4"

"@solana/codecs-strings@2.0.0-rc.4":
  version "2.0.0-rc.4"
  resolved "https://registry.yarnpkg.com/@solana/codecs-strings/-/codecs-strings-2.0.0-rc.4.tgz#6a9223c074ab2422a7da3a8fc60cd398c6b8e167"
  integrity sha512-LGfK2RL0BKjYYUfzu2FG/gTgCsYOMz9FKVs2ntji6WneZygPxJTV5W98K3J8Rl0JewpCSCFQH3xjLSHBJUS0fA==
  dependencies:
    "@solana/codecs-core" "2.0.0-rc.4"
    "@solana/codecs-numbers" "2.0.0-rc.4"
    "@solana/errors" "2.0.0-rc.4"

"@solana/codecs@2.0.0-rc.4":
  version "2.0.0-rc.4"
  resolved "https://registry.yarnpkg.com/@solana/codecs/-/codecs-2.0.0-rc.4.tgz#d47a442e3da5d6109694a321e2a23f1b36fb8fe1"
  integrity sha512-h9GQGYLfBifzLhyZuef5FUaZGxLW7JNLDlEYCErA7x7Ty2ssF98sswsLsWKcbv5Cz1QsW7A6xGv4PCjvIDOCxQ==
  dependencies:
    "@solana/codecs-core" "2.0.0-rc.4"
    "@solana/codecs-data-structures" "2.0.0-rc.4"
    "@solana/codecs-numbers" "2.0.0-rc.4"
    "@solana/codecs-strings" "2.0.0-rc.4"
    "@solana/options" "2.0.0-rc.4"

"@solana/errors@2.0.0-rc.4":
  version "2.0.0-rc.4"
  resolved "https://registry.yarnpkg.com/@solana/errors/-/errors-2.0.0-rc.4.tgz#4a5aa0d82206b07f31e729262f47def34397ac61"
  integrity sha512-0PPaMyB81keEHG/1pnyEuiBVKctbXO641M2w3CIOrYT/wzjunfF0FTxsqq9wYJeYo0AyiefCKGgSPs6wiY2PpQ==
  dependencies:
    chalk "^5.3.0"
    commander "^12.1.0"

"@solana/fast-stable-stringify@2.0.0-rc.4":
  version "2.0.0-rc.4"
  resolved "https://registry.yarnpkg.com/@solana/fast-stable-stringify/-/fast-stable-stringify-2.0.0-rc.4.tgz#13cc3e8366fb60d4952f62c561f914c874240fef"
  integrity sha512-5N4S+/EGZw0Y6s2aQPNTpiB2yii2oOcrfPKXSkK4ZR2GqZuA6u6BJiJeUelXeB8P24KMxOZXfzCrkBBpEzYt6w==

"@solana/functional@2.0.0-rc.4":
  version "2.0.0-rc.4"
  resolved "https://registry.yarnpkg.com/@solana/functional/-/functional-2.0.0-rc.4.tgz#0d8cb83806ee54fd65bbf8e517183e75c6f54d6c"
  integrity sha512-P/rL15Svl4sREO7tqQ6V/E8zPAlIBGBnA0T75gZYGoSY5644rCiEaFoqyMkXc9l563lj1B5vV5UU8FCPkpPwmQ==

"@solana/instructions@2.0.0-rc.4":
  version "2.0.0-rc.4"
  resolved "https://registry.yarnpkg.com/@solana/instructions/-/instructions-2.0.0-rc.4.tgz#42fe4a305c5c34c9d325e3a2461efe5f8b8956f7"
  integrity sha512-k4KcNfrWQX5Zhij9mn6d10MnHEP4YD9qsG8SQHWTELbyoZt3UjzfzG2aY88ao3VDWz3S9JbFIzA11wjJ0TYFxg==
  dependencies:
    "@solana/errors" "2.0.0-rc.4"

"@solana/keys@2.0.0-rc.4":
  version "2.0.0-rc.4"
  resolved "https://registry.yarnpkg.com/@solana/keys/-/keys-2.0.0-rc.4.tgz#7d438918b4d0d374bd4d2526fb184c9140e7ccdc"
  integrity sha512-EcepAutaXVwiW0bQZMv2gSUd+gjxL8FrqzX+BeqkfNNe1c4GxtLHOlASOXhPEH/3iGEaz6mfV6Bn5KkctWOeEA==
  dependencies:
    "@solana/assertions" "2.0.0-rc.4"
    "@solana/codecs-core" "2.0.0-rc.4"
    "@solana/codecs-strings" "2.0.0-rc.4"
    "@solana/errors" "2.0.0-rc.4"

"@solana/options@2.0.0-rc.4":
  version "2.0.0-rc.4"
  resolved "https://registry.yarnpkg.com/@solana/options/-/options-2.0.0-rc.4.tgz#f6f6fd8b8f6f25605f5ee0e03e526128e7364462"
  integrity sha512-5W8aswMBhcdv2pD5lHLdHIZ98ymhQNBmeFncEoVZLTrshf7KqyxZ8xtILcWNCUgOev1+yp9hMTNV9SEgrgyNrQ==
  dependencies:
    "@solana/codecs-core" "2.0.0-rc.4"
    "@solana/codecs-data-structures" "2.0.0-rc.4"
    "@solana/codecs-numbers" "2.0.0-rc.4"
    "@solana/codecs-strings" "2.0.0-rc.4"
    "@solana/errors" "2.0.0-rc.4"

"@solana/programs@2.0.0-rc.4":
  version "2.0.0-rc.4"
  resolved "https://registry.yarnpkg.com/@solana/programs/-/programs-2.0.0-rc.4.tgz#d2f9fd36a705094ad47d784c00085cb5860e7323"
  integrity sha512-aIspYII4+EdOtK2EZaTSYNVxSzn0R1b9Lir7S+PftmzVMLOP3R5MhVb5IJcZRByJngfW227CyKQXh34fg2wWOg==
  dependencies:
    "@solana/addresses" "2.0.0-rc.4"
    "@solana/errors" "2.0.0-rc.4"

"@solana/promises@2.0.0-rc.4":
  version "2.0.0-rc.4"
  resolved "https://registry.yarnpkg.com/@solana/promises/-/promises-2.0.0-rc.4.tgz#3e01502cff67ba473c3544d6a9cbd71eb853bdf2"
  integrity sha512-NIY7rdtpw+le0P2vgXigJiGI54fE/bLpyiIKHfyYyjyTzCph8TmoHPX2Y/mmkmlri54tu5BM/X0UbIoXVi2dpw==

"@solana/rpc-api@2.0.0-rc.4":
  version "2.0.0-rc.4"
  resolved "https://registry.yarnpkg.com/@solana/rpc-api/-/rpc-api-2.0.0-rc.4.tgz#7bd5378fdb82b0b857f97d6f2f48d46b522694d1"
  integrity sha512-z6KyTvVd0WkXb8WhuLAF3vLstdGl5+FVQTgxu1BbBD94bBEUC8Zg7sZuT0AS/Qdgo4Bt/oNcgXsD2DbFmb0HpQ==
  dependencies:
    "@solana/addresses" "2.0.0-rc.4"
    "@solana/codecs-core" "2.0.0-rc.4"
    "@solana/codecs-strings" "2.0.0-rc.4"
    "@solana/errors" "2.0.0-rc.4"
    "@solana/keys" "2.0.0-rc.4"
    "@solana/rpc-parsed-types" "2.0.0-rc.4"
    "@solana/rpc-spec" "2.0.0-rc.4"
    "@solana/rpc-transformers" "2.0.0-rc.4"
    "@solana/rpc-types" "2.0.0-rc.4"
    "@solana/transaction-messages" "2.0.0-rc.4"
    "@solana/transactions" "2.0.0-rc.4"

"@solana/rpc-parsed-types@2.0.0-rc.4":
  version "2.0.0-rc.4"
  resolved "https://registry.yarnpkg.com/@solana/rpc-parsed-types/-/rpc-parsed-types-2.0.0-rc.4.tgz#eac850b5c1e94f836a051c0bdcaf337ca65604fa"
  integrity sha512-UvNcfi5S6WI54/t7TFi1sgdvl9wFLnk7Rmwsuq/UksAx9FuN+bdZvywkXYioh5PkcZxaDTaupnNoGRPDFxW87g==

"@solana/rpc-spec-types@2.0.0-rc.4":
  version "2.0.0-rc.4"
  resolved "https://registry.yarnpkg.com/@solana/rpc-spec-types/-/rpc-spec-types-2.0.0-rc.4.tgz#23f4bb949607318e5ba954e3d1fb9eb47d3a9d6e"
  integrity sha512-xmyh8+xvOcm6OgxFzHNLNWs8zSjV1xOFrTtE4g44QArmzEYylzoP9bFBUEoaZvBG9ACAvT2scvwhUEREFXRAWg==

"@solana/rpc-spec@2.0.0-rc.4":
  version "2.0.0-rc.4"
  resolved "https://registry.yarnpkg.com/@solana/rpc-spec/-/rpc-spec-2.0.0-rc.4.tgz#e2f5b1937db90074e17b2164befa2e1ced3be2b2"
  integrity sha512-SuME1MDYwotEDCBh0gKV50Zp2IJE/gEZc04MZBgEtEsyqB8mg9DL7PRSANJhGtx7b5gX31xw5sJmGlPHp/oUEA==
  dependencies:
    "@solana/errors" "2.0.0-rc.4"
    "@solana/rpc-spec-types" "2.0.0-rc.4"

"@solana/rpc-subscriptions-api@2.0.0-rc.4":
  version "2.0.0-rc.4"
  resolved "https://registry.yarnpkg.com/@solana/rpc-subscriptions-api/-/rpc-subscriptions-api-2.0.0-rc.4.tgz#14ff6358a048a7a242d31ef96a08dc721b79d9a2"
  integrity sha512-4TOOlYGIOqKI3vBRjQz8dZYKjExQhBUDrO1USOUm/s6GAMkNY5TVmlqvQxzo7BlsJu8f7cpK8RrQap/Ej9jHOQ==
  dependencies:
    "@solana/addresses" "2.0.0-rc.4"
    "@solana/keys" "2.0.0-rc.4"
    "@solana/rpc-subscriptions-spec" "2.0.0-rc.4"
    "@solana/rpc-transformers" "2.0.0-rc.4"
    "@solana/rpc-types" "2.0.0-rc.4"
    "@solana/transaction-messages" "2.0.0-rc.4"
    "@solana/transactions" "2.0.0-rc.4"

"@solana/rpc-subscriptions-channel-websocket@2.0.0-rc.4":
  version "2.0.0-rc.4"
  resolved "https://registry.yarnpkg.com/@solana/rpc-subscriptions-channel-websocket/-/rpc-subscriptions-channel-websocket-2.0.0-rc.4.tgz#43db37b4b60eecc7b3c589201cfe7ab40ea50d04"
  integrity sha512-Rj8vb+f5gXrJ2KBA1+gJ1eXnjawG2vNtuL/WWd/CD1xEzmBV9oFXbzcGG7tTLsQWSM9+BcgiMGhhKg5DCnpWcQ==
  dependencies:
    "@solana/errors" "2.0.0-rc.4"
    "@solana/functional" "2.0.0-rc.4"
    "@solana/rpc-subscriptions-spec" "2.0.0-rc.4"
    "@solana/subscribable" "2.0.0-rc.4"

"@solana/rpc-subscriptions-spec@2.0.0-rc.4":
  version "2.0.0-rc.4"
  resolved "https://registry.yarnpkg.com/@solana/rpc-subscriptions-spec/-/rpc-subscriptions-spec-2.0.0-rc.4.tgz#9cd92e70cb2d1ee3f6e2eca6fabe00007894489c"
  integrity sha512-B0C8TYiErD34YMgdk9fmbzTti8Xo8JFYuF/2acFRD1WPLVE3UrEJSjxrmj7Lv/bO40wHvWrhUtHtzo37s9anAA==
  dependencies:
    "@solana/errors" "2.0.0-rc.4"
    "@solana/promises" "2.0.0-rc.4"
    "@solana/rpc-spec-types" "2.0.0-rc.4"
    "@solana/subscribable" "2.0.0-rc.4"

"@solana/rpc-subscriptions@2.0.0-rc.4":
  version "2.0.0-rc.4"
  resolved "https://registry.yarnpkg.com/@solana/rpc-subscriptions/-/rpc-subscriptions-2.0.0-rc.4.tgz#8a294a5ddd59f8e381275beae25444de6a654b47"
  integrity sha512-9fRn2/mr6a+7hknWaqA39lSN2hO1qOIQzaOz7zql5Gj1jKM5yorgqlXBdTuCi6pRn5zni9c4yz8fU6jVJQZnGA==
  dependencies:
    "@solana/errors" "2.0.0-rc.4"
    "@solana/fast-stable-stringify" "2.0.0-rc.4"
    "@solana/functional" "2.0.0-rc.4"
    "@solana/promises" "2.0.0-rc.4"
    "@solana/rpc-spec-types" "2.0.0-rc.4"
    "@solana/rpc-subscriptions-api" "2.0.0-rc.4"
    "@solana/rpc-subscriptions-channel-websocket" "2.0.0-rc.4"
    "@solana/rpc-subscriptions-spec" "2.0.0-rc.4"
    "@solana/rpc-transformers" "2.0.0-rc.4"
    "@solana/rpc-types" "2.0.0-rc.4"
    "@solana/subscribable" "2.0.0-rc.4"

"@solana/rpc-transformers@2.0.0-rc.4":
  version "2.0.0-rc.4"
  resolved "https://registry.yarnpkg.com/@solana/rpc-transformers/-/rpc-transformers-2.0.0-rc.4.tgz#4c34d6493552e577f4ad0e967d387bc13e18a398"
  integrity sha512-KpLkW6V/eAuQvZCdvCCNvcYQvq8XCxwCNmY6Y+ZJYU4EWCdMppGe4p+JJVL6buRRSGrTBW+muLhKKDsZdx/4VQ==
  dependencies:
    "@solana/errors" "2.0.0-rc.4"
    "@solana/functional" "2.0.0-rc.4"
    "@solana/rpc-spec-types" "2.0.0-rc.4"
    "@solana/rpc-types" "2.0.0-rc.4"

"@solana/rpc-transport-http@2.0.0-rc.4":
  version "2.0.0-rc.4"
  resolved "https://registry.yarnpkg.com/@solana/rpc-transport-http/-/rpc-transport-http-2.0.0-rc.4.tgz#38bf5d2d99a62ca3d8c1f670239f4465b9df6bc9"
  integrity sha512-Xu6+uEPYHPF8gAJ6KsmGXqtA02Dbv9mKykf0nazt91YP66k4HYF8PaYLbGSrNR76o4TewdbqFJlipSceMJb86w==
  dependencies:
    "@solana/errors" "2.0.0-rc.4"
    "@solana/rpc-spec" "2.0.0-rc.4"
    "@solana/rpc-spec-types" "2.0.0-rc.4"
    undici-types "^6.20.0"

"@solana/rpc-types@2.0.0-rc.4":
  version "2.0.0-rc.4"
  resolved "https://registry.yarnpkg.com/@solana/rpc-types/-/rpc-types-2.0.0-rc.4.tgz#3991da33e98ea0e692d5477443cdd302f98bb04e"
  integrity sha512-uSWW/VndwYF29gpvKxWo0skTxrsCKl+fYmeJz5mduIULjhr5SFdgchgb4KCcAlUMgFn4HJuwALJVHpUg0Wv10Q==
  dependencies:
    "@solana/addresses" "2.0.0-rc.4"
    "@solana/codecs-core" "2.0.0-rc.4"
    "@solana/codecs-numbers" "2.0.0-rc.4"
    "@solana/codecs-strings" "2.0.0-rc.4"
    "@solana/errors" "2.0.0-rc.4"

"@solana/rpc@2.0.0-rc.4":
  version "2.0.0-rc.4"
  resolved "https://registry.yarnpkg.com/@solana/rpc/-/rpc-2.0.0-rc.4.tgz#fa27311279a0ea1be844e47432d22ac6880118cb"
  integrity sha512-YqQPf1raKUdle6iiEPQavaCdXCaX2XxHJIeZQ93lTvwuntoQUK8yAbT4go6eYQRwgL2SnR/0C4p5fnv8f/vR/A==
  dependencies:
    "@solana/errors" "2.0.0-rc.4"
    "@solana/fast-stable-stringify" "2.0.0-rc.4"
    "@solana/functional" "2.0.0-rc.4"
    "@solana/rpc-api" "2.0.0-rc.4"
    "@solana/rpc-spec" "2.0.0-rc.4"
    "@solana/rpc-spec-types" "2.0.0-rc.4"
    "@solana/rpc-transformers" "2.0.0-rc.4"
    "@solana/rpc-transport-http" "2.0.0-rc.4"
    "@solana/rpc-types" "2.0.0-rc.4"

"@solana/signers@2.0.0-rc.4":
  version "2.0.0-rc.4"
  resolved "https://registry.yarnpkg.com/@solana/signers/-/signers-2.0.0-rc.4.tgz#58fa869d8e0c5cb07a1ea1f19fa01c0f45d86208"
  integrity sha512-4Wm8BsXkEpiomgmsthOregxIJibL2KIzMp2NbsTQMuzB3HzRv6ATtHoiQACqnsUm0hfTV217lE/GeJdYyqHCIA==
  dependencies:
    "@solana/addresses" "2.0.0-rc.4"
    "@solana/codecs-core" "2.0.0-rc.4"
    "@solana/errors" "2.0.0-rc.4"
    "@solana/instructions" "2.0.0-rc.4"
    "@solana/keys" "2.0.0-rc.4"
    "@solana/transaction-messages" "2.0.0-rc.4"
    "@solana/transactions" "2.0.0-rc.4"

"@solana/subscribable@2.0.0-rc.4":
  version "2.0.0-rc.4"
  resolved "https://registry.yarnpkg.com/@solana/subscribable/-/subscribable-2.0.0-rc.4.tgz#cdeacd725bb9966f64bb90d8a02a24b717a51000"
  integrity sha512-ZMEL0P/kdpKeqpPI/r/zV0aCqpA2LKzd94DVOSHgDGRFWfvotRl197PInU5rcsFH1VmPsuoFH68SZYV4+2DC9Q==
  dependencies:
    "@solana/errors" "2.0.0-rc.4"

"@solana/sysvars@2.0.0-rc.4":
  version "2.0.0-rc.4"
  resolved "https://registry.yarnpkg.com/@solana/sysvars/-/sysvars-2.0.0-rc.4.tgz#aabf458ed5f143fbe03f3d45ad6bcdc3d5d87a71"
  integrity sha512-z4XVv308IQL9RkGDPkACr2GHUrM/czzsXuv1kUscfmZmvmY77RQqaC85UYow0+opghnDpmEEssZRaWjMeVvkYw==
  dependencies:
    "@solana/accounts" "2.0.0-rc.4"
    "@solana/codecs" "2.0.0-rc.4"
    "@solana/errors" "2.0.0-rc.4"
    "@solana/rpc-types" "2.0.0-rc.4"

"@solana/transaction-confirmation@2.0.0-rc.4":
  version "2.0.0-rc.4"
  resolved "https://registry.yarnpkg.com/@solana/transaction-confirmation/-/transaction-confirmation-2.0.0-rc.4.tgz#8852d796ac0b79d09ec8622602c28153cdd6b18f"
  integrity sha512-ImBMZ+vkMglDECUEr8SFZw+V0Bm5TrCmNUAMqlfOgGO8v8pQUaVql0V9/KjiXu12TUYEcDZqp0PDLQ+D4I8aFg==
  dependencies:
    "@solana/addresses" "2.0.0-rc.4"
    "@solana/codecs-strings" "2.0.0-rc.4"
    "@solana/errors" "2.0.0-rc.4"
    "@solana/keys" "2.0.0-rc.4"
    "@solana/promises" "2.0.0-rc.4"
    "@solana/rpc" "2.0.0-rc.4"
    "@solana/rpc-subscriptions" "2.0.0-rc.4"
    "@solana/rpc-types" "2.0.0-rc.4"
    "@solana/transaction-messages" "2.0.0-rc.4"
    "@solana/transactions" "2.0.0-rc.4"

"@solana/transaction-messages@2.0.0-rc.4":
  version "2.0.0-rc.4"
  resolved "https://registry.yarnpkg.com/@solana/transaction-messages/-/transaction-messages-2.0.0-rc.4.tgz#7098a744ca6a1f63961eaa1b59a7701d330b07d9"
  integrity sha512-zdeNIb6EtD9faVzEEfXm7Td+u5ifNCxF1/QBF6oURxaUcfX7bGXJ/P3VM0wAQ80t5zBQeqm2qzUkfEvf07NllQ==
  dependencies:
    "@solana/addresses" "2.0.0-rc.4"
    "@solana/codecs-core" "2.0.0-rc.4"
    "@solana/codecs-data-structures" "2.0.0-rc.4"
    "@solana/codecs-numbers" "2.0.0-rc.4"
    "@solana/errors" "2.0.0-rc.4"
    "@solana/functional" "2.0.0-rc.4"
    "@solana/instructions" "2.0.0-rc.4"
    "@solana/rpc-types" "2.0.0-rc.4"

"@solana/transactions@2.0.0-rc.4":
  version "2.0.0-rc.4"
  resolved "https://registry.yarnpkg.com/@solana/transactions/-/transactions-2.0.0-rc.4.tgz#7246fa19e760d636ff60fb0d8eedc6df365c126a"
  integrity sha512-n2TQ59S/SQ+LCyTgOZNXGT9gYMbMj+XeH2eMXFbg6ETs7Bhn0DE1lIfHQCq9m6JQEJ2lgH9NYFU+QDd3LGLUog==
  dependencies:
    "@solana/addresses" "2.0.0-rc.4"
    "@solana/codecs-core" "2.0.0-rc.4"
    "@solana/codecs-data-structures" "2.0.0-rc.4"
    "@solana/codecs-numbers" "2.0.0-rc.4"
    "@solana/codecs-strings" "2.0.0-rc.4"
    "@solana/errors" "2.0.0-rc.4"
    "@solana/functional" "2.0.0-rc.4"
    "@solana/instructions" "2.0.0-rc.4"
    "@solana/keys" "2.0.0-rc.4"
    "@solana/rpc-types" "2.0.0-rc.4"
    "@solana/transaction-messages" "2.0.0-rc.4"

"@solana/web3.js@^2.0.0-rc.4":
  version "2.0.0-rc.4"
  resolved "https://registry.yarnpkg.com/@solana/web3.js/-/web3.js-2.0.0-rc.4.tgz#6fe711939ed0f0977cf42b7fa8fa0d706958a82d"
  integrity sha512-w1r5MjLd+6roeqMc0Dght4tLco3W9Zdoq56FnSKnbcP7Ji/L6VTdFJttf8vaIAAMDyUH5aH1yLxHrqCIW1kbrw==
  dependencies:
    "@solana/accounts" "2.0.0-rc.4"
    "@solana/addresses" "2.0.0-rc.4"
    "@solana/codecs" "2.0.0-rc.4"
    "@solana/errors" "2.0.0-rc.4"
    "@solana/functional" "2.0.0-rc.4"
    "@solana/instructions" "2.0.0-rc.4"
    "@solana/keys" "2.0.0-rc.4"
    "@solana/programs" "2.0.0-rc.4"
    "@solana/rpc" "2.0.0-rc.4"
    "@solana/rpc-parsed-types" "2.0.0-rc.4"
    "@solana/rpc-spec-types" "2.0.0-rc.4"
    "@solana/rpc-subscriptions" "2.0.0-rc.4"
    "@solana/rpc-types" "2.0.0-rc.4"
    "@solana/signers" "2.0.0-rc.4"
    "@solana/sysvars" "2.0.0-rc.4"
    "@solana/transaction-confirmation" "2.0.0-rc.4"
    "@solana/transaction-messages" "2.0.0-rc.4"
    "@solana/transactions" "2.0.0-rc.4"

"@tsconfig/node10@^1.0.7":
  version "1.0.11"
  resolved "https://registry.yarnpkg.com/@tsconfig/node10/-/node10-1.0.11.tgz#6ee46400685f130e278128c7b38b7e031ff5b2f2"
  integrity sha512-DcRjDCujK/kCk/cUe8Xz8ZSpm8mS3mNNpta+jGCA6USEDfktlNvm1+IuZ9eTcDbNk41BHwpHHeW+N1lKCz4zOw==

"@tsconfig/node12@^1.0.7":
  version "1.0.11"
  resolved "https://registry.yarnpkg.com/@tsconfig/node12/-/node12-1.0.11.tgz#ee3def1f27d9ed66dac6e46a295cffb0152e058d"
  integrity sha512-cqefuRsh12pWyGsIoBKJA9luFu3mRxCA+ORZvA4ktLSzIuCUtWVxGIuXigEwO5/ywWFMZ2QEGKWvkZG1zDMTag==

"@tsconfig/node14@^1.0.0":
  version "1.0.3"
  resolved "https://registry.yarnpkg.com/@tsconfig/node14/-/node14-1.0.3.tgz#e4386316284f00b98435bf40f72f75a09dabf6c1"
  integrity sha512-ysT8mhdixWK6Hw3i1V2AeRqZ5WfXg1G43mqoYlM2nc6388Fq5jcXyr5mRsqViLx/GJYdoL0bfXD8nmF+Zn/Iow==

"@tsconfig/node16@^1.0.2":
  version "1.0.4"
  resolved "https://registry.yarnpkg.com/@tsconfig/node16/-/node16-1.0.4.tgz#0b92dcc0cc1c81f6f306a381f28e31b1a56536e9"
  integrity sha512-vxhUy4J8lyeyinH7Azl1pdd43GJhZH/tP2weN8TntQblOY+A0XbT8DJk1/oCPuOOyg/Ja757rG0CgHcWC8OfMA==

"@types/node@^22.9.0":
  version "22.9.0"
  resolved "https://registry.yarnpkg.com/@types/node/-/node-22.9.0.tgz#b7f16e5c3384788542c72dc3d561a7ceae2c0365"
  integrity sha512-vuyHg81vvWA1Z1ELfvLko2c8f34gyA0zaic0+Rllc5lbCnbSyuvb2Oxpm6TAUAC/2xZN3QGqxBNggD1nNR2AfQ==
  dependencies:
    undici-types "~6.19.8"

acorn-walk@^8.1.1:
  version "8.3.4"
  resolved "https://registry.yarnpkg.com/acorn-walk/-/acorn-walk-8.3.4.tgz#794dd169c3977edf4ba4ea47583587c5866236b7"
  integrity sha512-ueEepnujpqee2o5aIYnvHU6C0A42MNdsIDeqy5BydrkuC5R1ZuUFnm27EeFJGoEHJQgn3uleRvmTXaJgfXbt4g==
  dependencies:
    acorn "^8.11.0"

acorn@^8.11.0, acorn@^8.4.1:
  version "8.14.0"
  resolved "https://registry.yarnpkg.com/acorn/-/acorn-8.14.0.tgz#063e2c70cac5fb4f6467f0b11152e04c682795b0"
  integrity sha512-cl669nCJTZBsL97OF4kUQm5g5hC2uihk0NxY3WENAC0TYdILVkAyHymAntgxGkl7K+t0cXIrH5siy5S4XkFycA==

arg@^4.1.0:
  version "4.1.3"
  resolved "https://registry.yarnpkg.com/arg/-/arg-4.1.3.tgz#269fc7ad5b8e42cb63c896d5666017261c144089"
  integrity sha512-58S9QDqG0Xx27YwPSt9fJxivjYl432YCwfDMfZ+71RAqUrZef7LrKQZ3LHLOwCS4FLNBplP533Zx895SeOCHvA==

chalk@^5.3.0:
  version "5.3.0"
  resolved "https://registry.yarnpkg.com/chalk/-/chalk-5.3.0.tgz#67c20a7ebef70e7f3970a01f90fa210cb6860385"
  integrity sha512-dLitG79d+GV1Nb/VYcCDFivJeK1hiukt9QjRNVOsUtTy1rR1YJsmpGGTZ3qJos+uw7WmWF4wUwBd9jxjocFC2w==

commander@^12.1.0:
  version "12.1.0"
  resolved "https://registry.yarnpkg.com/commander/-/commander-12.1.0.tgz#01423b36f501259fdaac4d0e4d60c96c991585d3"
  integrity sha512-Vw8qHK3bZM9y/P10u3Vib8o/DdkvA2OtPtZvD871QKjy74Wj1WSKFILMPRPSdUSx5RFK1arlJzEtA4PkFgnbuA==

create-require@^1.1.0:
  version "1.1.1"
  resolved "https://registry.yarnpkg.com/create-require/-/create-require-1.1.1.tgz#c1d7e8f1e5f6cfc9ff65f9cd352d37348756c333"
  integrity sha512-dcKFX3jn0MpIaXjisoRvexIJVEKzaq7z2rZKxf+MSr9TkdmHmsU4m2lcLojrj/FHl8mk5VxMmYA+ftRkP/3oKQ==

diff@^4.0.1:
  version "4.0.2"
  resolved "https://registry.yarnpkg.com/diff/-/diff-4.0.2.tgz#60f3aecb89d5fae520c11aa19efc2bb982aade7d"
  integrity sha512-58lmxKSA4BNyLz+HHMUzlOEpg09FV+ev6ZMe3vJihgdxzgcwZ8VoEEPmALCZG9LmqfVoNMMKpttIYTVG6uDY7A==

make-error@^1.1.1:
  version "1.3.6"
  resolved "https://registry.yarnpkg.com/make-error/-/make-error-1.3.6.tgz#2eb2e37ea9b67c4891f684a1394799af484cf7a2"
  integrity sha512-s8UhlNe7vPKomQhC1qFelMokr/Sc3AgNbso3n74mVPA5LTZwkB9NlXf4XPamLxJE8h0gh73rM94xvwRT2CVInw==

ts-node@^10.9.2:
  version "10.9.2"
  resolved "https://registry.yarnpkg.com/ts-node/-/ts-node-10.9.2.tgz#70f021c9e185bccdca820e26dc413805c101c71f"
  integrity sha512-f0FFpIdcHgn8zcPSbf1dRevwt047YMnaiJM3u2w2RewrB+fob/zePZcrOyQoLMMO7aBIddLcQIEK5dYjkLnGrQ==
  dependencies:
    "@cspotcode/source-map-support" "^0.8.0"
    "@tsconfig/node10" "^1.0.7"
    "@tsconfig/node12" "^1.0.7"
    "@tsconfig/node14" "^1.0.0"
    "@tsconfig/node16" "^1.0.2"
    acorn "^8.4.1"
    acorn-walk "^8.1.1"
    arg "^4.1.0"
    create-require "^1.1.0"
    diff "^4.0.1"
    make-error "^1.1.1"
    v8-compile-cache-lib "^3.0.1"
    yn "3.1.1"

typescript@^5.6.3:
  version "5.6.3"
  resolved "https://registry.yarnpkg.com/typescript/-/typescript-5.6.3.tgz#5f3449e31c9d94febb17de03cc081dd56d81db5b"
  integrity sha512-hjcS1mhfuyi4WW8IWtjP7brDrG2cuDZukyrYrSauoXGNgx0S7zceP07adYkJycEr56BOUTNPzbInooiN3fn1qw==

undici-types@^6.20.0:
  version "6.20.0"
  resolved "https://registry.yarnpkg.com/undici-types/-/undici-types-6.20.0.tgz#8171bf22c1f588d1554d55bf204bc624af388433"
  integrity sha512-Ny6QZ2Nju20vw1SRHe3d9jVu6gJ+4e3+MMpqu7pqE5HT6WsTSlce++GQmK5UXS8mzV8DSYHrQH+Xrf2jVcuKNg==

undici-types@~6.19.8:
  version "6.19.8"
  resolved "https://registry.yarnpkg.com/undici-types/-/undici-types-6.19.8.tgz#35111c9d1437ab83a7cdc0abae2f26d88eda0a02"
  integrity sha512-ve2KP6f/JnbPBFyobGHuerC9g1FYGn/F8n1LWTwNxCEzd6IfqTwUQcNXgEtmmQ6DlRrC1hrSrBnCZPokRrDHjw==

v8-compile-cache-lib@^3.0.1:
  version "3.0.1"
  resolved "https://registry.yarnpkg.com/v8-compile-cache-lib/-/v8-compile-cache-lib-3.0.1.tgz#6336e8d71965cb3d35a1bbb7868445a7c05264bf"
  integrity sha512-wa7YjyUGfNZngI/vtK0UHAN+lgDCxBPCylVXGp0zu59Fz5aiGtNXaq3DhIov063MorB+VfufLh3JlF2KdTK3xg==

ws@^8.18.0:
  version "8.18.0"
  resolved "https://registry.yarnpkg.com/ws/-/ws-8.18.0.tgz#0d7505a6eafe2b0e712d232b42279f53bc289bbc"
  integrity sha512-8VbfWfHLbbwu3+N6OKsOMpBdT4kXPDDB9cJk2bJ6mh9ucxdlnNvH1e+roYkKmN9Nxw2yjz7VzeO9oOz2zJ04Pw==

yn@3.1.1:
  version "3.1.1"
  resolved "https://registry.yarnpkg.com/yn/-/yn-3.1.1.tgz#1e87401a09d767c1d5eab26a6e4c185182d2eb50"
  integrity sha512-Ux4ygGWsu2c7isFWe8Yu1YluJmqVhxqK2cLXNQA5AcC3QfbGNpM7fu0Y8b/z16pXLnFxZYvWhd3fhBY9DLmC6Q==
